
Microsoft Visual Studio Solution File, Format Version 12.00
# Visual Studio Version 17
VisualStudioVersion = 17.3.32901.215
MinimumVisualStudioVersion = 10.0.40219.1
Project("{FAE04EC0-301F-11D3-BF4B-00C04F79EFBC}") = "Global değişken ornekleri-826", "Global değişken ornekleri-826\Global değişken ornekleri-826.csproj", "{4820F48A-06E5-4464-AA0D-2A74801E58E9}"
EndProject
Global
	GlobalSection(SolutionConfigurationPlatforms) = preSolution
		Debug|Any CPU = Debug|Any CPU
		Release|Any CPU = Release|Any CPU
	EndGlobalSection
	GlobalSection(ProjectConfigurationPlatforms) = postSolution
		{4820F48A-06E5-4464-AA0D-2A74801E58E9}.Debug|Any CPU.ActiveCfg = Debug|Any CPU
		{4820F48A-06E5-4464-AA0D-2A74801E58E9}.Debug|Any CPU.Build.0 = Debug|Any CPU
		{4820F48A-06E5-4464-AA0D-2A74801E58E9}.Release|Any CPU.ActiveCfg = Release|Any CPU
		{4820F48A-06E5-4464-AA0D-2A74801E58E9}.Release|Any CPU.Build.0 = Release|Any CPU
	EndGlobalSection
	GlobalSection(SolutionProperties) = preSolution
		HideSolutionNode = FALSE
	EndGlobalSection
	GlobalSection(ExtensibilityGlobals) = postSolution
		SolutionGuid = {946E01F9-5D49-41C7-9115-45A81EB0493A}
	EndGlobalSection
EndGlobal
